
Microsoft Visual Studio Solution File, Format Version 12.00
# Visual Studio Version 17
VisualStudioVersion = 17.10.34916.146
MinimumVisualStudioVersion = 10.0.40219.1
Project("{9A19103F-16F7-4668-BE54-9A1E7A4F7556}") = "Esadad.API", "EsadadAPI\Esadad.API.csproj", "{CA11E259-6A40-447A-A3E5-B7A2B9CF02FC}"
EndProject
Project("{FAE04EC0-301F-11D3-BF4B-00C04F79EFBC}") = "Esadad.Infrastructure", "EsadadInfrastructure\Esadad.Infrastructure.csproj", "{C7E88211-4E63-4A15-868C-14837FC77934}"
EndProject
Project("{FAE04EC0-301F-11D3-BF4B-00C04F79EFBC}") = "Esadad.Core", "Esadad.Core\Esadad.Core.csproj", "{D7C5F113-F54E-435B-84AD-BF8C2D7359D9}"
EndProject
Global
	GlobalSection(SolutionConfigurationPlatforms) = preSolution
		Debug|Any CPU = Debug|Any CPU
		Release|Any CPU = Release|Any CPU
	EndGlobalSection
	GlobalSection(ProjectConfigurationPlatforms) = postSolution
		{CA11E259-6A40-447A-A3E5-B7A2B9CF02FC}.Debug|Any CPU.ActiveCfg = Debug|Any CPU
		{CA11E259-6A40-447A-A3E5-B7A2B9CF02FC}.Debug|Any CPU.Build.0 = Debug|Any CPU
		{CA11E259-6A40-447A-A3E5-B7A2B9CF02FC}.Release|Any CPU.ActiveCfg = Release|Any CPU
		{CA11E259-6A40-447A-A3E5-B7A2B9CF02FC}.Release|Any CPU.Build.0 = Release|Any CPU
		{C7E88211-4E63-4A15-868C-14837FC77934}.Debug|Any CPU.ActiveCfg = Debug|Any CPU
		{C7E88211-4E63-4A15-868C-14837FC77934}.Debug|Any CPU.Build.0 = Debug|Any CPU
		{C7E88211-4E63-4A15-868C-14837FC77934}.Release|Any CPU.ActiveCfg = Release|Any CPU
		{C7E88211-4E63-4A15-868C-14837FC77934}.Release|Any CPU.Build.0 = Release|Any CPU
		{D7C5F113-F54E-435B-84AD-BF8C2D7359D9}.Debug|Any CPU.ActiveCfg = Debug|Any CPU
		{D7C5F113-F54E-435B-84AD-BF8C2D7359D9}.Debug|Any CPU.Build.0 = Debug|Any CPU
		{D7C5F113-F54E-435B-84AD-BF8C2D7359D9}.Release|Any CPU.ActiveCfg = Release|Any CPU
		{D7C5F113-F54E-435B-84AD-BF8C2D7359D9}.Release|Any CPU.Build.0 = Release|Any CPU
	EndGlobalSection
	GlobalSection(SolutionProperties) = preSolution
		HideSolutionNode = FALSE
	EndGlobalSection
	GlobalSection(ExtensibilityGlobals) = postSolution
		SolutionGuid = {7DAAC31B-6961-462D-BDAB-D761E7D8E51E}
	EndGlobalSection
EndGlobal
